
Microsoft Visual Studio Solution File, Format Version 12.00
# Visual Studio Version 17
VisualStudioVersion = 17.11.35327.3
MinimumVisualStudioVersion = 10.0.40219.1
Project("{FAE04EC0-301F-11D3-BF4B-00C04F79EFBC}") = "ForteDebug", "ForteDebug\ForteDebug.csproj", "{D30F9F8F-F4D2-4F4C-834C-809D21C73286}"
EndProject
Global
	GlobalSection(SolutionConfigurationPlatforms) = preSolution
		Debug|Any CPU = Debug|Any CPU
		Release|Any CPU = Release|Any CPU
	EndGlobalSection
	GlobalSection(ProjectConfigurationPlatforms) = postSolution
		{D30F9F8F-F4D2-4F4C-834C-809D21C73286}.Debug|Any CPU.ActiveCfg = Debug|Any CPU
		{D30F9F8F-F4D2-4F4C-834C-809D21C73286}.Debug|Any CPU.Build.0 = Debug|Any CPU
		{D30F9F8F-F4D2-4F4C-834C-809D21C73286}.Release|Any CPU.ActiveCfg = Release|Any CPU
		{D30F9F8F-F4D2-4F4C-834C-809D21C73286}.Release|Any CPU.Build.0 = Release|Any CPU
	EndGlobalSection
	GlobalSection(SolutionProperties) = preSolution
		HideSolutionNode = FALSE
	EndGlobalSection
	GlobalSection(ExtensibilityGlobals) = postSolution
		SolutionGuid = {060C8C27-499B-4840-88AF-EB9C31329BB7}
	EndGlobalSection
EndGlobal
